{
  "object": {
    "pins": [
      {
        "package": "CustomUIKit",
        "repositoryURL": "https://github.com/jagelooyadav/CustomUIKitComponents.git",
        "state": {
          "branch": "master",
          "revision": "dbbcd0ef7b393a0669651ccad1dea4d4781847b7",
          "version": null
        }
      }
    ]
  },
  "version": 1
}
